
Microsoft Visual Studio Solution File, Format Version 12.00
# Visual Studio Version 17
VisualStudioVersion = 17.4.33122.133
MinimumVisualStudioVersion = 10.0.40219.1
Project("{FAE04EC0-301F-11D3-BF4B-00C04F79EFBC}") = "ReflectionPracticeProblem", "ReflectionPracticeProblem.csproj", "{F8C0D24A-1E59-4735-BAF3-573E6771E449}"
EndProject
Global
	GlobalSection(SolutionConfigurationPlatforms) = preSolution
		Debug|Any CPU = Debug|Any CPU
		Release|Any CPU = Release|Any CPU
	EndGlobalSection
	GlobalSection(ProjectConfigurationPlatforms) = postSolution
		{F8C0D24A-1E59-4735-BAF3-573E6771E449}.Debug|Any CPU.ActiveCfg = Debug|Any CPU
		{F8C0D24A-1E59-4735-BAF3-573E6771E449}.Debug|Any CPU.Build.0 = Debug|Any CPU
		{F8C0D24A-1E59-4735-BAF3-573E6771E449}.Release|Any CPU.ActiveCfg = Release|Any CPU
		{F8C0D24A-1E59-4735-BAF3-573E6771E449}.Release|Any CPU.Build.0 = Release|Any CPU
	EndGlobalSection
	GlobalSection(SolutionProperties) = preSolution
		HideSolutionNode = FALSE
	EndGlobalSection
	GlobalSection(ExtensibilityGlobals) = postSolution
		SolutionGuid = {DF000238-A347-434C-B570-7BAA73EA97D4}
	EndGlobalSection
EndGlobal
